
Microsoft Visual Studio Solution File, Format Version 12.00
# Visual Studio 15
VisualStudioVersion = 15.0.26430.6
MinimumVisualStudioVersion = 10.0.40219.1
Project("{FAE04EC0-301F-11D3-BF4B-00C04F79EFBC}") = "IPConfigurator.WindowsForms", "IPConfigurator.WindowsForms\IPConfigurator.WindowsForms.csproj", "{5839A4EF-F66E-44F1-B607-232F379F01AD}"
EndProject
Project("{54435603-DBB4-11D2-8724-00A0C9A8B90C}") = "IPConfigurator.WindowsForms.Setup", "IPConfigurator.WindowsForms.Setup\IPConfigurator.WindowsForms.Setup.vdproj", "{2D845607-4A0F-411A-BEDB-9483BBA568F3}"
EndProject
Project("{9A19103F-16F7-4668-BE54-9A1E7A4F7556}") = "IPConfigurator", "IPConfigurator\IPConfigurator.csproj", "{5D5A00F6-CE54-405D-8945-DDAF43E53FD1}"
EndProject
Project("{FAE04EC0-301F-11D3-BF4B-00C04F79EFBC}") = "IPConfigurator.Console", "IPConfigurator.Console\IPConfigurator.Console.csproj", "{219EA281-22BF-4530-A21C-BEDCCE1CE258}"
EndProject
Global
	GlobalSection(SolutionConfigurationPlatforms) = preSolution
		Debug|Any CPU = Debug|Any CPU
		Debug|ARM = Debug|ARM
		Debug|x64 = Debug|x64
		Debug|x86 = Debug|x86
		Release|Any CPU = Release|Any CPU
		Release|ARM = Release|ARM
		Release|x64 = Release|x64
		Release|x86 = Release|x86
	EndGlobalSection
	GlobalSection(ProjectConfigurationPlatforms) = postSolution
		{5839A4EF-F66E-44F1-B607-232F379F01AD}.Debug|Any CPU.ActiveCfg = Debug|Any CPU
		{5839A4EF-F66E-44F1-B607-232F379F01AD}.Debug|Any CPU.Build.0 = Debug|Any CPU
		{5839A4EF-F66E-44F1-B607-232F379F01AD}.Debug|ARM.ActiveCfg = Debug|Any CPU
		{5839A4EF-F66E-44F1-B607-232F379F01AD}.Debug|ARM.Build.0 = Debug|Any CPU
		{5839A4EF-F66E-44F1-B607-232F379F01AD}.Debug|x64.ActiveCfg = Debug|Any CPU
		{5839A4EF-F66E-44F1-B607-232F379F01AD}.Debug|x64.Build.0 = Debug|Any CPU
		{5839A4EF-F66E-44F1-B607-232F379F01AD}.Debug|x86.ActiveCfg = Debug|Any CPU
		{5839A4EF-F66E-44F1-B607-232F379F01AD}.Debug|x86.Build.0 = Debug|Any CPU
		{5839A4EF-F66E-44F1-B607-232F379F01AD}.Release|Any CPU.ActiveCfg = Release|Any CPU
		{5839A4EF-F66E-44F1-B607-232F379F01AD}.Release|Any CPU.Build.0 = Release|Any CPU
		{5839A4EF-F66E-44F1-B607-232F379F01AD}.Release|ARM.ActiveCfg = Release|Any CPU
		{5839A4EF-F66E-44F1-B607-232F379F01AD}.Release|ARM.Build.0 = Release|Any CPU
		{5839A4EF-F66E-44F1-B607-232F379F01AD}.Release|x64.ActiveCfg = Release|Any CPU
		{5839A4EF-F66E-44F1-B607-232F379F01AD}.Release|x64.Build.0 = Release|Any CPU
		{5839A4EF-F66E-44F1-B607-232F379F01AD}.Release|x86.ActiveCfg = Release|Any CPU
		{5839A4EF-F66E-44F1-B607-232F379F01AD}.Release|x86.Build.0 = Release|Any CPU
		{2D845607-4A0F-411A-BEDB-9483BBA568F3}.Debug|Any CPU.ActiveCfg = Debug
		{2D845607-4A0F-411A-BEDB-9483BBA568F3}.Debug|ARM.ActiveCfg = Debug
		{2D845607-4A0F-411A-BEDB-9483BBA568F3}.Debug|x64.ActiveCfg = Debug
		{2D845607-4A0F-411A-BEDB-9483BBA568F3}.Debug|x86.ActiveCfg = Debug
		{2D845607-4A0F-411A-BEDB-9483BBA568F3}.Release|Any CPU.ActiveCfg = Release
		{2D845607-4A0F-411A-BEDB-9483BBA568F3}.Release|ARM.ActiveCfg = Release
		{2D845607-4A0F-411A-BEDB-9483BBA568F3}.Release|x64.ActiveCfg = Release
		{2D845607-4A0F-411A-BEDB-9483BBA568F3}.Release|x86.ActiveCfg = Release
		{5D5A00F6-CE54-405D-8945-DDAF43E53FD1}.Debug|Any CPU.ActiveCfg = Debug|Any CPU
		{5D5A00F6-CE54-405D-8945-DDAF43E53FD1}.Debug|Any CPU.Build.0 = Debug|Any CPU
		{5D5A00F6-CE54-405D-8945-DDAF43E53FD1}.Debug|ARM.ActiveCfg = Debug|Any CPU
		{5D5A00F6-CE54-405D-8945-DDAF43E53FD1}.Debug|ARM.Build.0 = Debug|Any CPU
		{5D5A00F6-CE54-405D-8945-DDAF43E53FD1}.Debug|x64.ActiveCfg = Debug|Any CPU
		{5D5A00F6-CE54-405D-8945-DDAF43E53FD1}.Debug|x64.Build.0 = Debug|Any CPU
		{5D5A00F6-CE54-405D-8945-DDAF43E53FD1}.Debug|x86.ActiveCfg = Debug|Any CPU
		{5D5A00F6-CE54-405D-8945-DDAF43E53FD1}.Debug|x86.Build.0 = Debug|Any CPU
		{5D5A00F6-CE54-405D-8945-DDAF43E53FD1}.Release|Any CPU.ActiveCfg = Release|Any CPU
		{5D5A00F6-CE54-405D-8945-DDAF43E53FD1}.Release|Any CPU.Build.0 = Release|Any CPU
		{5D5A00F6-CE54-405D-8945-DDAF43E53FD1}.Release|ARM.ActiveCfg = Release|Any CPU
		{5D5A00F6-CE54-405D-8945-DDAF43E53FD1}.Release|ARM.Build.0 = Release|Any CPU
		{5D5A00F6-CE54-405D-8945-DDAF43E53FD1}.Release|x64.ActiveCfg = Release|Any CPU
		{5D5A00F6-CE54-405D-8945-DDAF43E53FD1}.Release|x64.Build.0 = Release|Any CPU
		{5D5A00F6-CE54-405D-8945-DDAF43E53FD1}.Release|x86.ActiveCfg = Release|Any CPU
		{5D5A00F6-CE54-405D-8945-DDAF43E53FD1}.Release|x86.Build.0 = Release|Any CPU
		{219EA281-22BF-4530-A21C-BEDCCE1CE258}.Debug|Any CPU.ActiveCfg = Debug|Any CPU
		{219EA281-22BF-4530-A21C-BEDCCE1CE258}.Debug|Any CPU.Build.0 = Debug|Any CPU
		{219EA281-22BF-4530-A21C-BEDCCE1CE258}.Debug|ARM.ActiveCfg = Debug|Any CPU
		{219EA281-22BF-4530-A21C-BEDCCE1CE258}.Debug|ARM.Build.0 = Debug|Any CPU
		{219EA281-22BF-4530-A21C-BEDCCE1CE258}.Debug|x64.ActiveCfg = Debug|Any CPU
		{219EA281-22BF-4530-A21C-BEDCCE1CE258}.Debug|x64.Build.0 = Debug|Any CPU
		{219EA281-22BF-4530-A21C-BEDCCE1CE258}.Debug|x86.ActiveCfg = Debug|Any CPU
		{219EA281-22BF-4530-A21C-BEDCCE1CE258}.Debug|x86.Build.0 = Debug|Any CPU
		{219EA281-22BF-4530-A21C-BEDCCE1CE258}.Release|Any CPU.ActiveCfg = Release|Any CPU
		{219EA281-22BF-4530-A21C-BEDCCE1CE258}.Release|Any CPU.Build.0 = Release|Any CPU
		{219EA281-22BF-4530-A21C-BEDCCE1CE258}.Release|ARM.ActiveCfg = Release|Any CPU
		{219EA281-22BF-4530-A21C-BEDCCE1CE258}.Release|ARM.Build.0 = Release|Any CPU
		{219EA281-22BF-4530-A21C-BEDCCE1CE258}.Release|x64.ActiveCfg = Release|Any CPU
		{219EA281-22BF-4530-A21C-BEDCCE1CE258}.Release|x64.Build.0 = Release|Any CPU
		{219EA281-22BF-4530-A21C-BEDCCE1CE258}.Release|x86.ActiveCfg = Release|Any CPU
		{219EA281-22BF-4530-A21C-BEDCCE1CE258}.Release|x86.Build.0 = Release|Any CPU
	EndGlobalSection
	GlobalSection(SolutionProperties) = preSolution
		HideSolutionNode = FALSE
	EndGlobalSection
	GlobalSection(ExtensibilityGlobals) = postSolution
		SolutionGuid = {03AA05FC-CC74-4425-A368-95033E942D5D}
	EndGlobalSection
EndGlobal
